
Microsoft Visual Studio Solution File, Format Version 12.00
# Visual Studio Version 17
VisualStudioVersion = 17.5.002.0
MinimumVisualStudioVersion = 10.0.40219.1
Project("{9A19103F-16F7-4668-BE54-9A1E7A4F7556}") = "Api/WebApiStart", "Api/WebApiStart.csproj", "{5A6BAF48-52EC-4383-BC56-CDBFF7387353}"
EndProject
Global
	GlobalSection(SolutionConfigurationPlatforms) = preSolution
		Debug|Any CPU = Debug|Any CPU
		Release|Any CPU = Release|Any CPU
	EndGlobalSection
	GlobalSection(ProjectConfigurationPlatforms) = postSolution
		{5A6BAF48-52EC-4383-BC56-CDBFF7387353}.Debug|Any CPU.ActiveCfg = Debug|Any CPU
		{5A6BAF48-52EC-4383-BC56-CDBFF7387353}.Debug|Any CPU.Build.0 = Debug|Any CPU
		{5A6BAF48-52EC-4383-BC56-CDBFF7387353}.Release|Any CPU.ActiveCfg = Release|Any CPU
		{5A6BAF48-52EC-4383-BC56-CDBFF7387353}.Release|Any CPU.Build.0 = Release|Any CPU
	EndGlobalSection
	GlobalSection(SolutionProperties) = preSolution
		HideSolutionNode = FALSE
	EndGlobalSection
	GlobalSection(ExtensibilityGlobals) = postSolution
		SolutionGuid = {7FA2721C-AA8C-4289-B49C-A695E10B9013}
	EndGlobalSection
EndGlobal
